
Microsoft Visual Studio Solution File, Format Version 12.00
# Visual Studio Version 17
VisualStudioVersion = 17.11.35327.3
MinimumVisualStudioVersion = 10.0.40219.1
Project("{FAE04EC0-301F-11D3-BF4B-00C04F79EFBC}") = "LoanManagement", "LoanManagement\LoanManagement.csproj", "{93A850D5-FBCF-4A91-A241-D66984343BC7}"
EndProject
Global
	GlobalSection(SolutionConfigurationPlatforms) = preSolution
		Debug|Any CPU = Debug|Any CPU
		Release|Any CPU = Release|Any CPU
	EndGlobalSection
	GlobalSection(ProjectConfigurationPlatforms) = postSolution
		{93A850D5-FBCF-4A91-A241-D66984343BC7}.Debug|Any CPU.ActiveCfg = Debug|Any CPU
		{93A850D5-FBCF-4A91-A241-D66984343BC7}.Debug|Any CPU.Build.0 = Debug|Any CPU
		{93A850D5-FBCF-4A91-A241-D66984343BC7}.Release|Any CPU.ActiveCfg = Release|Any CPU
		{93A850D5-FBCF-4A91-A241-D66984343BC7}.Release|Any CPU.Build.0 = Release|Any CPU
	EndGlobalSection
	GlobalSection(SolutionProperties) = preSolution
		HideSolutionNode = FALSE
	EndGlobalSection
	GlobalSection(ExtensibilityGlobals) = postSolution
		SolutionGuid = {54683F19-C5C5-4D51-BC44-E6E4BD5D01A9}
	EndGlobalSection
EndGlobal
